// !$*UTF8*$!
{
	archiveVersion = 1;
	classes = {
	};
	objectVersion = 55;
	objects = {

/* Begin PBXBuildFile section */
		4014ADB1287F099800FF192A /* Launch.swift in Sources */ = {isa = PBXBuildFile; fileRef = 4014ADB0287F099800FF192A /* Launch.swift */; };
		4014ADB52882B68100FF192A /* SortOption.swift in Sources */ = {isa = PBXBuildFile; fileRef = 4014ADB42882B68100FF192A /* SortOption.swift */; };
		4014ADB9288335B400FF192A /* Unknown.png in Resources */ = {isa = PBXBuildFile; fileRef = 4014ADB8288335B400FF192A /* Unknown.png */; };
		4014ADBB28836B9A00FF192A /* LaunchManager.swift in Sources */ = {isa = PBXBuildFile; fileRef = 4014ADBA28836B9A00FF192A /* LaunchManager.swift */; };
		4014ADBD28843F0800FF192A /* LaunchModel.swift in Sources */ = {isa = PBXBuildFile; fileRef = 4014ADBC28843F0800FF192A /* LaunchModel.swift */; };
		40C02958287DEFEC00E3434A /* AppDelegate.swift in Sources */ = {isa = PBXBuildFile; fileRef = 40C02957287DEFEC00E3434A /* AppDelegate.swift */; };
		40C0295A287DEFEC00E3434A /* SceneDelegate.swift in Sources */ = {isa = PBXBuildFile; fileRef = 40C02959287DEFEC00E3434A /* SceneDelegate.swift */; };
		40C0295C287DEFEC00E3434A /* LaunchDetailController.swift in Sources */ = {isa = PBXBuildFile; fileRef = 40C0295B287DEFEC00E3434A /* LaunchDetailController.swift */; };
		40C0295F287DEFEC00E3434A /* Main.storyboard in Resources */ = {isa = PBXBuildFile; fileRef = 40C0295D287DEFEC00E3434A /* Main.storyboard */; };
		40C02961287DEFEE00E3434A /* Assets.xcassets in Resources */ = {isa = PBXBuildFile; fileRef = 40C02960287DEFEE00E3434A /* Assets.xcassets */; };
		40C02964287DEFEE00E3434A /* LaunchScreen.storyboard in Resources */ = {isa = PBXBuildFile; fileRef = 40C02962287DEFEE00E3434A /* LaunchScreen.storyboard */; };
		40C0296C287DF58D00E3434A /* Constants.swift in Sources */ = {isa = PBXBuildFile; fileRef = 40C0296B287DF58D00E3434A /* Constants.swift */; };
		40C02971287DF62A00E3434A /* ListViewController.swift in Sources */ = {isa = PBXBuildFile; fileRef = 40C02970287DF62A00E3434A /* ListViewController.swift */; };
		40C0297D287E127A00E3434A /* ListCell.swift in Sources */ = {isa = PBXBuildFile; fileRef = 40C0297B287E127A00E3434A /* ListCell.swift */; };
		40C0297E287E127A00E3434A /* ListCell.xib in Resources */ = {isa = PBXBuildFile; fileRef = 40C0297C287E127A00E3434A /* ListCell.xib */; };
		40C02982287EB80000E3434A /* ImageCell.swift in Sources */ = {isa = PBXBuildFile; fileRef = 40C02981287EB80000E3434A /* ImageCell.swift */; };
		704E7C196808A8F00529AD92 /* Pods_LaunchesX.framework in Frameworks */ = {isa = PBXBuildFile; fileRef = 19CF67AEDC8D68C2D3D84076 /* Pods_LaunchesX.framework */; };
/* End PBXBuildFile section */

/* Begin PBXFileReference section */
		19CF67AEDC8D68C2D3D84076 /* Pods_LaunchesX.framework */ = {isa = PBXFileReference; explicitFileType = wrapper.framework; includeInIndex = 0; path = Pods_LaunchesX.framework; sourceTree = BUILT_PRODUCTS_DIR; };
		4014ADB0287F099800FF192A /* Launch.swift */ = {isa = PBXFileReference; lastKnownFileType = sourcecode.swift; path = Launch.swift; sourceTree = "<group>"; };
		4014ADB42882B68100FF192A /* SortOption.swift */ = {isa = PBXFileReference; lastKnownFileType = sourcecode.swift; path = SortOption.swift; sourceTree = "<group>"; };
		4014ADB8288335B400FF192A /* Unknown.png */ = {isa = PBXFileReference; lastKnownFileType = image.png; path = Unknown.png; sourceTree = "<group>"; };
		4014ADBA28836B9A00FF192A /* LaunchManager.swift */ = {isa = PBXFileReference; lastKnownFileType = sourcecode.swift; path = LaunchManager.swift; sourceTree = "<group>"; };
		4014ADBC28843F0800FF192A /* LaunchModel.swift */ = {isa = PBXFileReference; lastKnownFileType = sourcecode.swift; path = LaunchModel.swift; sourceTree = "<group>"; };
		40C02954287DEFEC00E3434A /* LaunchesX.app */ = {isa = PBXFileReference; explicitFileType = wrapper.application; includeInIndex = 0; path = LaunchesX.app; sourceTree = BUILT_PRODUCTS_DIR; };
		40C02957287DEFEC00E3434A /* AppDelegate.swift */ = {isa = PBXFileReference; lastKnownFileType = sourcecode.swift; path = AppDelegate.swift; sourceTree = "<group>"; };
		40C02959287DEFEC00E3434A /* SceneDelegate.swift */ = {isa = PBXFileReference; lastKnownFileType = sourcecode.swift; path = SceneDelegate.swift; sourceTree = "<group>"; };
		40C0295B287DEFEC00E3434A /* LaunchDetailController.swift */ = {isa = PBXFileReference; lastKnownFileType = sourcecode.swift; path = LaunchDetailController.swift; sourceTree = "<group>"; };
		40C0295E287DEFEC00E3434A /* Base */ = {isa = PBXFileReference; lastKnownFileType = file.storyboard; name = Base; path = Base.lproj/Main.storyboard; sourceTree = "<group>"; };
		40C02960287DEFEE00E3434A /* Assets.xcassets */ = {isa = PBXFileReference; lastKnownFileType = folder.assetcatalog; path = Assets.xcassets; sourceTree = "<group>"; };
		40C02963287DEFEE00E3434A /* Base */ = {isa = PBXFileReference; lastKnownFileType = file.storyboard; name = Base; path = Base.lproj/LaunchScreen.storyboard; sourceTree = "<group>"; };
		40C02965287DEFEE00E3434A /* Info.plist */ = {isa = PBXFileReference; lastKnownFileType = text.plist.xml; path = Info.plist; sourceTree = "<group>"; };
		40C0296B287DF58D00E3434A /* Constants.swift */ = {isa = PBXFileReference; lastKnownFileType = sourcecode.swift; path = Constants.swift; sourceTree = "<group>"; };
		40C02970287DF62A00E3434A /* ListViewController.swift */ = {isa = PBXFileReference; lastKnownFileType = sourcecode.swift; path = ListViewController.swift; sourceTree = "<group>"; };
		40C0297B287E127A00E3434A /* ListCell.swift */ = {isa = PBXFileReference; lastKnownFileType = sourcecode.swift; path = ListCell.swift; sourceTree = "<group>"; };
		40C0297C287E127A00E3434A /* ListCell.xib */ = {isa = PBXFileReference; lastKnownFileType = file.xib; path = ListCell.xib; sourceTree = "<group>"; };
		40C02981287EB80000E3434A /* ImageCell.swift */ = {isa = PBXFileReference; lastKnownFileType = sourcecode.swift; path = ImageCell.swift; sourceTree = "<group>"; };
		8D20EBAA8BECE2BD827D6906 /* Pods-LaunchesX.debug.xcconfig */ = {isa = PBXFileReference; includeInIndex = 1; lastKnownFileType = text.xcconfig; name = "Pods-LaunchesX.debug.xcconfig"; path = "Target Support Files/Pods-LaunchesX/Pods-LaunchesX.debug.xcconfig"; sourceTree = "<group>"; };
		B183C56E7B5A31BC7188B002 /* Pods-LaunchesX.release.xcconfig */ = {isa = PBXFileReference; includeInIndex = 1; lastKnownFileType = text.xcconfig; name = "Pods-LaunchesX.release.xcconfig"; path = "Target Support Files/Pods-LaunchesX/Pods-LaunchesX.release.xcconfig"; sourceTree = "<group>"; };
/* End PBXFileReference section */

/* Begin PBXFrameworksBuildPhase section */
		40C02951287DEFEC00E3434A /* Frameworks */ = {
			isa = PBXFrameworksBuildPhase;
			buildActionMask = 2147483647;
			files = (
				704E7C196808A8F00529AD92 /* Pods_LaunchesX.framework in Frameworks */,
			);
			runOnlyForDeploymentPostprocessing = 0;
		};
/* End PBXFrameworksBuildPhase section */

/* Begin PBXGroup section */
		40C0294B287DEFEC00E3434A = {
			isa = PBXGroup;
			children = (
				40C02956287DEFEC00E3434A /* LaunchesX */,
				40C02955287DEFEC00E3434A /* Products */,
				86FD010A53C29298E94E4767 /* Pods */,
				8CDEFCBA3BB316146F22584E /* Frameworks */,
			);
			sourceTree = "<group>";
		};
		40C02955287DEFEC00E3434A /* Products */ = {
			isa = PBXGroup;
			children = (
				40C02954287DEFEC00E3434A /* LaunchesX.app */,
			);
			name = Products;
			sourceTree = "<group>";
		};
		40C02956287DEFEC00E3434A /* LaunchesX */ = {
			isa = PBXGroup;
			children = (
				40C02957287DEFEC00E3434A /* AppDelegate.swift */,
				40C02959287DEFEC00E3434A /* SceneDelegate.swift */,
				40C02972287DF73700E3434A /* Model */,
				40C0297A287E0CFC00E3434A /* View */,
				40C0296F287DF5D800E3434A /* Controller */,
				40C02960287DEFEE00E3434A /* Assets.xcassets */,
				4014ADB8288335B400FF192A /* Unknown.png */,
				40C02965287DEFEE00E3434A /* Info.plist */,
				40C0296B287DF58D00E3434A /* Constants.swift */,
			);
			path = LaunchesX;
			sourceTree = "<group>";
		};
		40C0296F287DF5D800E3434A /* Controller */ = {
			isa = PBXGroup;
			children = (
				40C02970287DF62A00E3434A /* ListViewController.swift */,
				40C0295B287DEFEC00E3434A /* LaunchDetailController.swift */,
			);
			path = Controller;
			sourceTree = "<group>";
		};
		40C02972287DF73700E3434A /* Model */ = {
			isa = PBXGroup;
			children = (
				4014ADB0287F099800FF192A /* Launch.swift */,
				4014ADB42882B68100FF192A /* SortOption.swift */,
				4014ADBA28836B9A00FF192A /* LaunchManager.swift */,
				4014ADBC28843F0800FF192A /* LaunchModel.swift */,
			);
			path = Model;
			sourceTree = "<group>";
		};
		40C02979287E0CEE00E3434A /* Cells */ = {
			isa = PBXGroup;
			children = (
				40C0297B287E127A00E3434A /* ListCell.swift */,
				40C02981287EB80000E3434A /* ImageCell.swift */,
				40C0297C287E127A00E3434A /* ListCell.xib */,
			);
			path = Cells;
			sourceTree = "<group>";
		};
		40C0297A287E0CFC00E3434A /* View */ = {
			isa = PBXGroup;
			children = (
				40C02962287DEFEE00E3434A /* LaunchScreen.storyboard */,
				40C0295D287DEFEC00E3434A /* Main.storyboard */,
				40C02979287E0CEE00E3434A /* Cells */,
			);
			path = View;
			sourceTree = "<group>";
		};
		86FD010A53C29298E94E4767 /* Pods */ = {
			isa = PBXGroup;
			children = (
				8D20EBAA8BECE2BD827D6906 /* Pods-LaunchesX.debug.xcconfig */,
				B183C56E7B5A31BC7188B002 /* Pods-LaunchesX.release.xcconfig */,
			);
			path = Pods;
			sourceTree = "<group>";
		};
		8CDEFCBA3BB316146F22584E /* Frameworks */ = {
			isa = PBXGroup;
			children = (
				19CF67AEDC8D68C2D3D84076 /* Pods_LaunchesX.framework */,
			);
			name = Frameworks;
			sourceTree = "<group>";
		};
/* End PBXGroup section */

/* Begin PBXNativeTarget section */
		40C02953287DEFEC00E3434A /* LaunchesX */ = {
			isa = PBXNativeTarget;
			buildConfigurationList = 40C02968287DEFEE00E3434A /* Build configuration list for PBXNativeTarget "LaunchesX" */;
			buildPhases = (
				D5775C3232D4EF7B8D34C222 /* [CP] Check Pods Manifest.lock */,
				40C02950287DEFEC00E3434A /* Sources */,
				40C02951287DEFEC00E3434A /* Frameworks */,
				40C02952287DEFEC00E3434A /* Resources */,
				7F8646F443CAF646C0E4D024 /* [CP] Embed Pods Frameworks */,
			);
			buildRules = (
			);
			dependencies = (
			);
			name = LaunchesX;
			productName = LaunchesX;
			productReference = 40C02954287DEFEC00E3434A /* LaunchesX.app */;
			productType = "com.apple.product-type.application";
		};
/* End PBXNativeTarget section */

/* Begin PBXProject section */
		40C0294C287DEFEC00E3434A /* Project object */ = {
			isa = PBXProject;
			attributes = {
				BuildIndependentTargetsInParallel = 1;
				LastSwiftUpdateCheck = 1340;
				LastUpgradeCheck = 1340;
				TargetAttributes = {
					40C02953287DEFEC00E3434A = {
						CreatedOnToolsVersion = 13.4.1;
					};
				};
			};
			buildConfigurationList = 40C0294F287DEFEC00E3434A /* Build configuration list for PBXProject "LaunchesX" */;
			compatibilityVersion = "Xcode 13.0";
			developmentRegion = en;
			hasScannedForEncodings = 0;
			knownRegions = (
				en,
				Base,
			);
			mainGroup = 40C0294B287DEFEC00E3434A;
			productRefGroup = 40C02955287DEFEC00E3434A /* Products */;
			projectDirPath = "";
			projectRoot = "";
			targets = (
				40C02953287DEFEC00E3434A /* LaunchesX */,
			);
		};
/* End PBXProject section */

/* Begin PBXResourcesBuildPhase section */
		40C02952287DEFEC00E3434A /* Resources */ = {
			isa = PBXResourcesBuildPhase;
			buildActionMask = 2147483647;
			files = (
				40C02964287DEFEE00E3434A /* LaunchScreen.storyboard in Resources */,
				4014ADB9288335B400FF192A /* Unknown.png in Resources */,
				40C0297E287E127A00E3434A /* ListCell.xib in Resources */,
				40C02961287DEFEE00E3434A /* Assets.xcassets in Resources */,
				40C0295F287DEFEC00E3434A /* Main.storyboard in Resources */,
			);
			runOnlyForDeploymentPostprocessing = 0;
		};
/* End PBXResourcesBuildPhase section */

/* Begin PBXShellScriptBuildPhase section */
		7F8646F443CAF646C0E4D024 /* [CP] Embed Pods Frameworks */ = {
			isa = PBXShellScriptBuildPhase;
			buildActionMask = 2147483647;
			files = (
			);
			inputFileListPaths = (
				"${PODS_ROOT}/Target Support Files/Pods-LaunchesX/Pods-LaunchesX-frameworks-${CONFIGURATION}-input-files.xcfilelist",
			);
			name = "[CP] Embed Pods Frameworks";
			outputFileListPaths = (
				"${PODS_ROOT}/Target Support Files/Pods-LaunchesX/Pods-LaunchesX-frameworks-${CONFIGURATION}-output-files.xcfilelist",
			);
			runOnlyForDeploymentPostprocessing = 0;
			shellPath = /bin/sh;
			shellScript = "\"${PODS_ROOT}/Target Support Files/Pods-LaunchesX/Pods-LaunchesX-frameworks.sh\"\n";
			showEnvVarsInLog = 0;
		};
		D5775C3232D4EF7B8D34C222 /* [CP] Check Pods Manifest.lock */ = {
			isa = PBXShellScriptBuildPhase;
			buildActionMask = 2147483647;
			files = (
			);
			inputFileListPaths = (
			);
			inputPaths = (
				"${PODS_PODFILE_DIR_PATH}/Podfile.lock",
				"${PODS_ROOT}/Manifest.lock",
			);
			name = "[CP] Check Pods Manifest.lock";
			outputFileListPaths = (
			);
			outputPaths = (
				"$(DERIVED_FILE_DIR)/Pods-LaunchesX-checkManifestLockResult.txt",
			);
			runOnlyForDeploymentPostprocessing = 0;
			shellPath = /bin/sh;
			shellScript = "diff \"${PODS_PODFILE_DIR_PATH}/Podfile.lock\" \"${PODS_ROOT}/Manifest.lock\" > /dev/null\nif [ $? != 0 ] ; then\n    # print error to STDERR\n    echo \"error: The sandbox is not in sync with the Podfile.lock. Run 'pod install' or update your CocoaPods installation.\" >&2\n    exit 1\nfi\n# This output is used by Xcode 'outputs' to avoid re-running this script phase.\necho \"SUCCESS\" > \"${SCRIPT_OUTPUT_FILE_0}\"\n";
			showEnvVarsInLog = 0;
		};
/* End PBXShellScriptBuildPhase section */

/* Begin PBXSourcesBuildPhase section */
		40C02950287DEFEC00E3434A /* Sources */ = {
			isa = PBXSourcesBuildPhase;
			buildActionMask = 2147483647;
			files = (
				40C0295C287DEFEC00E3434A /* LaunchDetailController.swift in Sources */,
				40C0296C287DF58D00E3434A /* Constants.swift in Sources */,
				4014ADBD28843F0800FF192A /* LaunchModel.swift in Sources */,
				4014ADB52882B68100FF192A /* SortOption.swift in Sources */,
				4014ADB1287F099800FF192A /* Launch.swift in Sources */,
				40C02958287DEFEC00E3434A /* AppDelegate.swift in Sources */,
				40C0297D287E127A00E3434A /* ListCell.swift in Sources */,
				4014ADBB28836B9A00FF192A /* LaunchManager.swift in Sources */,
				40C02982287EB80000E3434A /* ImageCell.swift in Sources */,
				40C02971287DF62A00E3434A /* ListViewController.swift in Sources */,
				40C0295A287DEFEC00E3434A /* SceneDelegate.swift in Sources */,
			);
			runOnlyForDeploymentPostprocessing = 0;
		};
/* End PBXSourcesBuildPhase section */

/* Begin PBXVariantGroup section */
		40C0295D287DEFEC00E3434A /* Main.storyboard */ = {
			isa = PBXVariantGroup;
			children = (
				40C0295E287DEFEC00E3434A /* Base */,
			);
			name = Main.storyboard;
			sourceTree = "<group>";
		};
		40C02962287DEFEE00E3434A /* LaunchScreen.storyboard */ = {
			isa = PBXVariantGroup;
			children = (
				40C02963287DEFEE00E3434A /* Base */,
			);
			name = LaunchScreen.storyboard;
			sourceTree = "<group>";
		};
/* End PBXVariantGroup section */

/* Begin XCBuildConfiguration section */
		40C02966287DEFEE00E3434A /* Debug */ = {
			isa = XCBuildConfiguration;
			buildSettings = {
				ALWAYS_SEARCH_USER_PATHS = NO;
				CLANG_ANALYZER_NONNULL = YES;
				CLANG_ANALYZER_NUMBER_OBJECT_CONVERSION = YES_AGGRESSIVE;
				CLANG_CXX_LANGUAGE_STANDARD = "gnu++17";
				CLANG_ENABLE_MODULES = YES;
				CLANG_ENABLE_OBJC_ARC = YES;
				CLANG_ENABLE_OBJC_WEAK = YES;
				CLANG_WARN_BLOCK_CAPTURE_AUTORELEASING = YES;
				CLANG_WARN_BOOL_CONVERSION = YES;
				CLANG_WARN_COMMA = YES;
				CLANG_WARN_CONSTANT_CONVERSION = YES;
				CLANG_WARN_DEPRECATED_OBJC_IMPLEMENTATIONS = YES;
				CLANG_WARN_DIRECT_OBJC_ISA_USAGE = YES_ERROR;
				CLANG_WARN_DOCUMENTATION_COMMENTS = YES;
				CLANG_WARN_EMPTY_BODY = YES;
				CLANG_WARN_ENUM_CONVERSION = YES;
				CLANG_WARN_INFINITE_RECURSION = YES;
				CLANG_WARN_INT_CONVERSION = YES;
				CLANG_WARN_NON_LITERAL_NULL_CONVERSION = YES;
				CLANG_WARN_OBJC_IMPLICIT_RETAIN_SELF = YES;
				CLANG_WARN_OBJC_LITERAL_CONVERSION = YES;
				CLANG_WARN_OBJC_ROOT_CLASS = YES_ERROR;
				CLANG_WARN_QUOTED_INCLUDE_IN_FRAMEWORK_HEADER = YES;
				CLANG_WARN_RANGE_LOOP_ANALYSIS = YES;
				CLANG_WARN_STRICT_PROTOTYPES = YES;
				CLANG_WARN_SUSPICIOUS_MOVE = YES;
				CLANG_WARN_UNGUARDED_AVAILABILITY = YES_AGGRESSIVE;
				CLANG_WARN_UNREACHABLE_CODE = YES;
				CLANG_WARN__DUPLICATE_METHOD_MATCH = YES;
				COPY_PHASE_STRIP = NO;
				DEBUG_INFORMATION_FORMAT = dwarf;
				ENABLE_STRICT_OBJC_MSGSEND = YES;
				ENABLE_TESTABILITY = YES;
				GCC_C_LANGUAGE_STANDARD = gnu11;
				GCC_DYNAMIC_NO_PIC = NO;
				GCC_NO_COMMON_BLOCKS = YES;
				GCC_OPTIMIZATION_LEVEL = 0;
				GCC_PREPROCESSOR_DEFINITIONS = (
					"DEBUG=1",
					"$(inherited)",
				);
				GCC_WARN_64_TO_32_BIT_CONVERSION = YES;
				GCC_WARN_ABOUT_RETURN_TYPE = YES_ERROR;
				GCC_WARN_UNDECLARED_SELECTOR = YES;
				GCC_WARN_UNINITIALIZED_AUTOS = YES_AGGRESSIVE;
				GCC_WARN_UNUSED_FUNCTION = YES;
				GCC_WARN_UNUSED_VARIABLE = YES;
				IPHONEOS_DEPLOYMENT_TARGET = 15.5;
				MTL_ENABLE_DEBUG_INFO = INCLUDE_SOURCE;
				MTL_FAST_MATH = YES;
				ONLY_ACTIVE_ARCH = YES;
				SDKROOT = iphoneos;
				SWIFT_ACTIVE_COMPILATION_CONDITIONS = DEBUG;
				SWIFT_OPTIMIZATION_LEVEL = "-Onone";
			};
			name = Debug;
		};
		40C02967287DEFEE00E3434A /* Release */ = {
			isa = XCBuildConfiguration;
			buildSettings = {
				ALWAYS_SEARCH_USER_PATHS = NO;
				CLANG_ANALYZER_NONNULL = YES;
				CLANG_ANALYZER_NUMBER_OBJECT_CONVERSION = YES_AGGRESSIVE;
				CLANG_CXX_LANGUAGE_STANDARD = "gnu++17";
				CLANG_ENABLE_MODULES = YES;
				CLANG_ENABLE_OBJC_ARC = YES;
				CLANG_ENABLE_OBJC_WEAK = YES;
				CLANG_WARN_BLOCK_CAPTURE_AUTORELEASING = YES;
				CLANG_WARN_BOOL_CONVERSION = YES;
				CLANG_WARN_COMMA = YES;
				CLANG_WARN_CONSTANT_CONVERSION = YES;
				CLANG_WARN_DEPRECATED_OBJC_IMPLEMENTATIONS = YES;
				CLANG_WARN_DIRECT_OBJC_ISA_USAGE = YES_ERROR;
				CLANG_WARN_DOCUMENTATION_COMMENTS = YES;
				CLANG_WARN_EMPTY_BODY = YES;
				CLANG_WARN_ENUM_CONVERSION = YES;
				CLANG_WARN_INFINITE_RECURSION = YES;
				CLANG_WARN_INT_CONVERSION = YES;
				CLANG_WARN_NON_LITERAL_NULL_CONVERSION = YES;
				CLANG_WARN_OBJC_IMPLICIT_RETAIN_SELF = YES;
				CLANG_WARN_OBJC_LITERAL_CONVERSION = YES;
				CLANG_WARN_OBJC_ROOT_CLASS = YES_ERROR;
				CLANG_WARN_QUOTED_INCLUDE_IN_FRAMEWORK_HEADER = YES;
				CLANG_WARN_RANGE_LOOP_ANALYSIS = YES;
				CLANG_WARN_STRICT_PROTOTYPES = YES;
				CLANG_WARN_SUSPICIOUS_MOVE = YES;
				CLANG_WARN_UNGUARDED_AVAILABILITY = YES_AGGRESSIVE;
				CLANG_WARN_UNREACHABLE_CODE = YES;
				CLANG_WARN__DUPLICATE_METHOD_MATCH = YES;
				COPY_PHASE_STRIP = NO;
				DEBUG_INFORMATION_FORMAT = "dwarf-with-dsym";
				ENABLE_NS_ASSERTIONS = NO;
				ENABLE_STRICT_OBJC_MSGSEND = YES;
				GCC_C_LANGUAGE_STANDARD = gnu11;
				GCC_NO_COMMON_BLOCKS = YES;
				GCC_WARN_64_TO_32_BIT_CONVERSION = YES;
				GCC_WARN_ABOUT_RETURN_TYPE = YES_ERROR;
				GCC_WARN_UNDECLARED_SELECTOR = YES;
				GCC_WARN_UNINITIALIZED_AUTOS = YES_AGGRESSIVE;
				GCC_WARN_UNUSED_FUNCTION = YES;
				GCC_WARN_UNUSED_VARIABLE = YES;
				IPHONEOS_DEPLOYMENT_TARGET = 15.5;
				MTL_ENABLE_DEBUG_INFO = NO;
				MTL_FAST_MATH = YES;
				SDKROOT = iphoneos;
				SWIFT_COMPILATION_MODE = wholemodule;
				SWIFT_OPTIMIZATION_LEVEL = "-O";
				VALIDATE_PRODUCT = YES;
			};
			name = Release;
		};
		40C02969287DEFEE00E3434A /* Debug */ = {
			isa = XCBuildConfiguration;
			baseConfigurationReference = 8D20EBAA8BECE2BD827D6906 /* Pods-LaunchesX.debug.xcconfig */;
			buildSettings = {
				ASSETCATALOG_COMPILER_APPICON_NAME = AppIcon;
				ASSETCATALOG_COMPILER_GLOBAL_ACCENT_COLOR_NAME = AccentColor;
				CODE_SIGN_STYLE = Automatic;
				CURRENT_PROJECT_VERSION = 1;
				DEVELOPMENT_TEAM = N4Z48S7KUM;
				GENERATE_INFOPLIST_FILE = YES;
				INFOPLIST_FILE = LaunchesX/Info.plist;
				INFOPLIST_KEY_UIApplicationSupportsIndirectInputEvents = YES;
				INFOPLIST_KEY_UILaunchStoryboardName = LaunchScreen;
				INFOPLIST_KEY_UIMainStoryboardFile = Main;
				INFOPLIST_KEY_UISupportedInterfaceOrientations_iPad = "UIInterfaceOrientationPortrait UIInterfaceOrientationPortraitUpsideDown UIInterfaceOrientationLandscapeLeft UIInterfaceOrientationLandscapeRight";
				INFOPLIST_KEY_UISupportedInterfaceOrientations_iPhone = "UIInterfaceOrientationPortrait UIInterfaceOrientationLandscapeLeft UIInterfaceOrientationLandscapeRight";
				LD_RUNPATH_SEARCH_PATHS = (
					"$(inherited)",
					"@executable_path/Frameworks",
				);
				MARKETING_VERSION = 1.0;
				PRODUCT_BUNDLE_IDENTIFIER = com.spacex.LaunchesX;
				PRODUCT_NAME = "$(TARGET_NAME)";
				SWIFT_EMIT_LOC_STRINGS = YES;
				SWIFT_VERSION = 5.0;
				TARGETED_DEVICE_FAMILY = "1,2";
			};
			name = Debug;
		};
		40C0296A287DEFEE00E3434A /* Release */ = {
			isa = XCBuildConfiguration;
			baseConfigurationReference = B183C56E7B5A31BC7188B002 /* Pods-LaunchesX.release.xcconfig */;
			buildSettings = {
				ASSETCATALOG_COMPILER_APPICON_NAME = AppIcon;
				ASSETCATALOG_COMPILER_GLOBAL_ACCENT_COLOR_NAME = AccentColor;
				CODE_SIGN_STYLE = Automatic;
				CURRENT_PROJECT_VERSION = 1;
				DEVELOPMENT_TEAM = N4Z48S7KUM;
				GENERATE_INFOPLIST_FILE = YES;
				INFOPLIST_FILE = LaunchesX/Info.plist;
				INFOPLIST_KEY_UIApplicationSupportsIndirectInputEvents = YES;
				INFOPLIST_KEY_UILaunchStoryboardName = LaunchScreen;
				INFOPLIST_KEY_UIMainStoryboardFile = Main;
				INFOPLIST_KEY_UISupportedInterfaceOrientations_iPad = "UIInterfaceOrientationPortrait UIInterfaceOrientationPortraitUpsideDown UIInterfaceOrientationLandscapeLeft UIInterfaceOrientationLandscapeRight";
				INFOPLIST_KEY_UISupportedInterfaceOrientations_iPhone = "UIInterfaceOrientationPortrait UIInterfaceOrientationLandscapeLeft UIInterfaceOrientationLandscapeRight";
				LD_RUNPATH_SEARCH_PATHS = (
					"$(inherited)",
					"@executable_path/Frameworks",
				);
				MARKETING_VERSION = 1.0;
				PRODUCT_BUNDLE_IDENTIFIER = com.spacex.LaunchesX;
				PRODUCT_NAME = "$(TARGET_NAME)";
				SWIFT_EMIT_LOC_STRINGS = YES;
				SWIFT_VERSION = 5.0;
				TARGETED_DEVICE_FAMILY = "1,2";
			};
			name = Release;
		};
/* End XCBuildConfiguration section */

/* Begin XCConfigurationList section */
		40C0294F287DEFEC00E3434A /* Build configuration list for PBXProject "LaunchesX" */ = {
			isa = XCConfigurationList;
			buildConfigurations = (
				40C02966287DEFEE00E3434A /* Debug */,
				40C02967287DEFEE00E3434A /* Release */,
			);
			defaultConfigurationIsVisible = 0;
			defaultConfigurationName = Release;
		};
		40C02968287DEFEE00E3434A /* Build configuration list for PBXNativeTarget "LaunchesX" */ = {
			isa = XCConfigurationList;
			buildConfigurations = (
				40C02969287DEFEE00E3434A /* Debug */,
				40C0296A287DEFEE00E3434A /* Release */,
			);
			defaultConfigurationIsVisible = 0;
			defaultConfigurationName = Release;
		};
/* End XCConfigurationList section */
	};
	rootObject = 40C0294C287DEFEC00E3434A /* Project object */;
}
